<?xml version="1.0" encoding="utf-8"?>
<Project ToolsVersion="4.0" xmlns="http://schemas.microsoft.com/developer/msbuild/2003">
  <ItemGroup>
    <Filter Include="Assets">
      <UniqueIdentifier>8257e198-baff-4d2d-a84c-58f4204d1cb2</UniqueIdentifier>
      <Extensions>bmp;fbx;gif;jpg;jpeg;tga;tiff;tif;png</Extensions>
    </Filter>
    <Image Include="Assets\LockScreenLogo.scale-200.png">
      <Filter>Assets</Filter>
    </Image>
    <Image Include="Assets\SplashScreen.scale-200.png">
      <Filter>Assets</Filter>
    </Image>
    <Image Include="Assets\Square150x150Logo.scale-200.png">
      <Filter>Assets</Filter>
    </Image>
    <Image Include="Assets\Square44x44Logo.scale-200.png">
      <Filter>Assets</Filter>
    </Image>
    <Image Include="Assets\Square44x44Logo.targetsize-24_altform-unplated.png">
      <Filter>Assets</Filter>
    </Image>
    <Image Include="Assets\StoreLogo.png">
      <Filter>Assets</Filter>
    </Image>
    <Image Include="Assets\Wide310x150Logo.scale-200.png">
      <Filter>Assets</Filter>
    </Image>
    <Filter Include="Headers">
      <UniqueIdentifier>{79b96479-dbae-4351-bb34-1c0e613d04ea}</UniqueIdentifier>
      <Extensions>h;hpp</Extensions>
    </Filter>
    <Filter Include="Sources">
      <UniqueIdentifier>{e82197f3-d39b-45d8-bdbc-dbfd0436c7a9}</UniqueIdentifier>
      <Extensions>c;cpp;cxx</Extensions>
    </Filter>
  </ItemGroup>
  <ItemGroup>
    <ClCompile Include="Application.cpp">
      <Filter>Sources</Filter>
    </ClCompile>
    <ClCompile Include="Data.cpp">
      <Filter>Sources</Filter>
    </ClCompile>
    <ClCompile Include="pch.cpp">
      <Filter>Sources</Filter>
    </ClCompile>
    <ClCompile Include="FrameworkView.cpp">
      <Filter>Sources</Filter>
    </ClCompile>
    <ClCompile Include="FrameworkViewSource.cpp">
      <Filter>Sources</Filter>
    </ClCompile>
    <ClCompile Include="MTL.cpp">
      <Filter>Sources</Filter>
    </ClCompile>
    <ClCompile Include="Executor.cpp">
      <Filter>Sources</Filter>
    </ClCompile>
  </ItemGroup>
  <ItemGroup>
    <ClInclude Include="Data.h">
      <Filter>Headers</Filter>
    </ClInclude>
    <ClInclude Include="pch.h">
      <Filter>Headers</Filter>
    </ClInclude>
    <ClInclude Include="FrameworkView.h">
      <Filter>Headers</Filter>
    </ClInclude>
    <ClInclude Include="FrameworkViewSource.h">
      <Filter>Headers</Filter>
    </ClInclude>
    <ClInclude Include="MTL.h">
      <Filter>Headers</Filter>
    </ClInclude>
    <ClInclude Include="Executor.h">
      <Filter>Headers</Filter>
    </ClInclude>
  </ItemGroup>
  <ItemGroup>
    <AppxManifest Include="Package.appxmanifest" />
  </ItemGroup>
  <ItemGroup>
    <None Include="CppRapidJson_TemporaryKey.pfx" />
    <None Include="packages.config" />
  </ItemGroup>
  <ItemGroup>
    <MidlRT Include="CppRapidJson.idl" />
  </ItemGroup>
</Project>